{
  "object": {
    "pins": [
      {
        "package": "Echo",
        "repositoryURL": "https://github.com/Azoy/Echo.git",
        "state": {
          "branch": "main",
          "revision": "e3ad10f86b984923d366d9252bb179df126615ec",
          "version": null
        }
      },
      {
        "package": "swift-atomics",
        "repositoryURL": "https://github.com/apple/swift-atomics.git",
        "state": {
          "branch": null,
          "revision": "3e95ba32cd1b4c877f6163e8eea54afc4e63bf9f",
          "version": "0.0.3"
        }
      }
    ]
  },
  "version": 1
}
